
Microsoft Visual Studio Solution File, Format Version 12.00
# Visual Studio Version 17
VisualStudioVersion = 17.4.33213.308
MinimumVisualStudioVersion = 10.0.40219.1
Project("{FAE04EC0-301F-11D3-BF4B-00C04F79EFBC}") = "Practica2CastingNumeros", "Practica2CastingNumeros.csproj", "{6963A195-4D64-491F-884A-A52640615688}"
EndProject
Global
	GlobalSection(SolutionConfigurationPlatforms) = preSolution
		Debug|Any CPU = Debug|Any CPU
		Release|Any CPU = Release|Any CPU
	EndGlobalSection
	GlobalSection(ProjectConfigurationPlatforms) = postSolution
		{6963A195-4D64-491F-884A-A52640615688}.Debug|Any CPU.ActiveCfg = Debug|Any CPU
		{6963A195-4D64-491F-884A-A52640615688}.Debug|Any CPU.Build.0 = Debug|Any CPU
		{6963A195-4D64-491F-884A-A52640615688}.Release|Any CPU.ActiveCfg = Release|Any CPU
		{6963A195-4D64-491F-884A-A52640615688}.Release|Any CPU.Build.0 = Release|Any CPU
	EndGlobalSection
	GlobalSection(SolutionProperties) = preSolution
		HideSolutionNode = FALSE
	EndGlobalSection
	GlobalSection(ExtensibilityGlobals) = postSolution
		SolutionGuid = {984D579E-5B5B-4477-BF0A-81BCE73F0AB7}
	EndGlobalSection
EndGlobal
